
Microsoft Visual Studio Solution File, Format Version 12.00
# Visual Studio 15
VisualStudioVersion = 15.0.28307.168
MinimumVisualStudioVersion = 10.0.40219.1
Project("{FAE04EC0-301F-11D3-BF4B-00C04F79EFBC}") = "DCTemps2", "DCTemps2\DCTemps2.csproj", "{49507546-4983-4C2F-BAE6-59D11229D182}"
EndProject
Global
	GlobalSection(SolutionConfigurationPlatforms) = preSolution
		Debug|Any CPU = Debug|Any CPU
		Release|Any CPU = Release|Any CPU
	EndGlobalSection
	GlobalSection(ProjectConfigurationPlatforms) = postSolution
		{49507546-4983-4C2F-BAE6-59D11229D182}.Debug|Any CPU.ActiveCfg = Debug|Any CPU
		{49507546-4983-4C2F-BAE6-59D11229D182}.Debug|Any CPU.Build.0 = Debug|Any CPU
		{49507546-4983-4C2F-BAE6-59D11229D182}.Release|Any CPU.ActiveCfg = Release|Any CPU
		{49507546-4983-4C2F-BAE6-59D11229D182}.Release|Any CPU.Build.0 = Release|Any CPU
	EndGlobalSection
	GlobalSection(SolutionProperties) = preSolution
		HideSolutionNode = FALSE
	EndGlobalSection
	GlobalSection(ExtensibilityGlobals) = postSolution
		SolutionGuid = {EB696B1D-0015-4E22-B247-B18D3A0C6ABC}
	EndGlobalSection
EndGlobal
